
Microsoft Visual Studio Solution File, Format Version 12.00
# Visual Studio Version 16
VisualStudioVersion = 16.0.31702.278
MinimumVisualStudioVersion = 10.0.40219.1
Project("{9A19103F-16F7-4668-BE54-9A1E7A4F7556}") = "BlueDotsProducer", "BlueDotsProducer.csproj", "{630E094D-2FBE-47B3-B0CB-A1354DAE2EC4}"
EndProject
Global
	GlobalSection(SolutionConfigurationPlatforms) = preSolution
		Debug|Any CPU = Debug|Any CPU
		Release|Any CPU = Release|Any CPU
	EndGlobalSection
	GlobalSection(ProjectConfigurationPlatforms) = postSolution
		{630E094D-2FBE-47B3-B0CB-A1354DAE2EC4}.Debug|Any CPU.ActiveCfg = Debug|Any CPU
		{630E094D-2FBE-47B3-B0CB-A1354DAE2EC4}.Debug|Any CPU.Build.0 = Debug|Any CPU
		{630E094D-2FBE-47B3-B0CB-A1354DAE2EC4}.Release|Any CPU.ActiveCfg = Release|Any CPU
		{630E094D-2FBE-47B3-B0CB-A1354DAE2EC4}.Release|Any CPU.Build.0 = Release|Any CPU
	EndGlobalSection
	GlobalSection(SolutionProperties) = preSolution
		HideSolutionNode = FALSE
	EndGlobalSection
	GlobalSection(ExtensibilityGlobals) = postSolution
		SolutionGuid = {124A28C2-85E2-4122-B0DC-8B20F3E32D29}
	EndGlobalSection
EndGlobal
