
Microsoft Visual Studio Solution File, Format Version 12.00
# Visual Studio Version 16
VisualStudioVersion = 16.0.31702.278
MinimumVisualStudioVersion = 10.0.40219.1
Project("{9A19103F-16F7-4668-BE54-9A1E7A4F7556}") = "BlobsClient", "BlobsClient.csproj", "{58D889EB-9069-475B-B55C-B22C6D09CD37}"
EndProject
Global
	GlobalSection(SolutionConfigurationPlatforms) = preSolution
		Debug|Any CPU = Debug|Any CPU
		Release|Any CPU = Release|Any CPU
	EndGlobalSection
	GlobalSection(ProjectConfigurationPlatforms) = postSolution
		{58D889EB-9069-475B-B55C-B22C6D09CD37}.Debug|Any CPU.ActiveCfg = Debug|Any CPU
		{58D889EB-9069-475B-B55C-B22C6D09CD37}.Debug|Any CPU.Build.0 = Debug|Any CPU
		{58D889EB-9069-475B-B55C-B22C6D09CD37}.Release|Any CPU.ActiveCfg = Release|Any CPU
		{58D889EB-9069-475B-B55C-B22C6D09CD37}.Release|Any CPU.Build.0 = Release|Any CPU
	EndGlobalSection
	GlobalSection(SolutionProperties) = preSolution
		HideSolutionNode = FALSE
	EndGlobalSection
	GlobalSection(ExtensibilityGlobals) = postSolution
		SolutionGuid = {25161FB6-D203-4F88-B7CE-38F878984155}
	EndGlobalSection
EndGlobal
